# THIS IS AN AUTOGENERATED FILE. DO NOT EDIT THIS FILE DIRECTLY.
# yarn lockfile v1


"@angular/core@6.0.0-beta.4":
  version "6.0.0-beta.4"
  resolved "https://registry.yarnpkg.com/@angular/core/-/core-6.0.0-beta.4.tgz#82622bb0cbd6c79919962f0f106585a068781e81"
  dependencies:
    tslib "^1.7.1"

"@angular/router@6.0.0-beta.4":
  version "6.0.0-beta.4"
  resolved "https://registry.yarnpkg.com/@angular/router/-/router-6.0.0-beta.4.tgz#2ab5b8d64ba8548856a589752e8e03ba483a2b0f"
  dependencies:
    tslib "^1.7.1"

tslib@^1.7.1, tslib@^1.8.1:
  version "1.9.0"
  resolved "https://registry.yarnpkg.com/tslib/-/tslib-1.9.0.tgz#e37a86fda8cbbaf23a057f473c9f4dc64e5fc2e8"

tsutils@2.20.0:
  version "2.20.0"
  resolved "https://registry.yarnpkg.com/tsutils/-/tsutils-2.20.0.tgz#303394064bc80be8ee04e10b8609ae852e9312d3"
  dependencies:
    tslib "^1.8.1"

typescript@~2.6.0:
  version "2.6.2"
  resolved "https://registry.yarnpkg.com/typescript/-/typescript-2.6.2.tgz#3c5b6fd7f6de0914269027f03c0946758f7673a4"
